
Microsoft Visual Studio Solution File, Format Version 12.00
# Visual Studio Version 17
VisualStudioVersion = 17.0.31903.59
MinimumVisualStudioVersion = 10.0.40219.1
Project("{2150E333-8FDC-42A3-9474-1A3956D46DE8}") = "src", "src", "{DFA09E0B-FDF7-4690-BAE7-E70F9D5A0D41}"
EndProject
Project("{FAE04EC0-301F-11D3-BF4B-00C04F79EFBC}") = "NixSearch.Core", "src\NixSearch.Core\NixSearch.Core.csproj", "{46099C60-522D-4F37-8AA6-462CCA643AD2}"
EndProject
Project("{2150E333-8FDC-42A3-9474-1A3956D46DE8}") = "tests", "tests", "{E4FE5051-1CE5-43EC-B12A-8510938DE595}"
EndProject
Project("{FAE04EC0-301F-11D3-BF4B-00C04F79EFBC}") = "NixSearch.Core.Tests", "tests\NixSearch.Core.Tests\NixSearch.Core.Tests.csproj", "{4194608F-7CDA-4D08-A9CA-189A3C432BE4}"
EndProject
Project("{FAE04EC0-301F-11D3-BF4B-00C04F79EFBC}") = "NixSearch.CLI", "src\NixSearch.CLI\NixSearch.CLI.csproj", "{B220DCCA-F764-41F4-82D1-7FD9AD3B5F1D}"
EndProject
Project("{FAE04EC0-301F-11D3-BF4B-00C04F79EFBC}") = "NixSearch.CLI.Tests", "tests\NixSearch.CLI.Tests\NixSearch.CLI.Tests.csproj", "{40968381-EEEE-4C06-8399-CB394797C590}"
EndProject
Project("{FAE04EC0-301F-11D3-BF4B-00C04F79EFBC}") = "NixSearch.MCP", "src\NixSearch.MCP\NixSearch.MCP.csproj", "{8286B662-D098-4010-8C08-960C97BAC5FA}"
EndProject
Project("{FAE04EC0-301F-11D3-BF4B-00C04F79EFBC}") = "NixSearch.MCP.Tests", "tests\NixSearch.MCP.Tests\NixSearch.MCP.Tests.csproj", "{0CB98AF5-AA32-4D91-A157-BE38C440BD5D}"
EndProject
Global
	GlobalSection(SolutionConfigurationPlatforms) = preSolution
		Debug|Any CPU = Debug|Any CPU
		Release|Any CPU = Release|Any CPU
	EndGlobalSection
	GlobalSection(SolutionProperties) = preSolution
		HideSolutionNode = FALSE
	EndGlobalSection
	GlobalSection(ProjectConfigurationPlatforms) = postSolution
		{46099C60-522D-4F37-8AA6-462CCA643AD2}.Debug|Any CPU.ActiveCfg = Debug|Any CPU
		{46099C60-522D-4F37-8AA6-462CCA643AD2}.Debug|Any CPU.Build.0 = Debug|Any CPU
		{46099C60-522D-4F37-8AA6-462CCA643AD2}.Release|Any CPU.ActiveCfg = Release|Any CPU
		{46099C60-522D-4F37-8AA6-462CCA643AD2}.Release|Any CPU.Build.0 = Release|Any CPU
		{4194608F-7CDA-4D08-A9CA-189A3C432BE4}.Debug|Any CPU.ActiveCfg = Debug|Any CPU
		{4194608F-7CDA-4D08-A9CA-189A3C432BE4}.Debug|Any CPU.Build.0 = Debug|Any CPU
		{4194608F-7CDA-4D08-A9CA-189A3C432BE4}.Release|Any CPU.ActiveCfg = Release|Any CPU
		{4194608F-7CDA-4D08-A9CA-189A3C432BE4}.Release|Any CPU.Build.0 = Release|Any CPU
		{B220DCCA-F764-41F4-82D1-7FD9AD3B5F1D}.Debug|Any CPU.ActiveCfg = Debug|Any CPU
		{B220DCCA-F764-41F4-82D1-7FD9AD3B5F1D}.Debug|Any CPU.Build.0 = Debug|Any CPU
		{B220DCCA-F764-41F4-82D1-7FD9AD3B5F1D}.Release|Any CPU.ActiveCfg = Release|Any CPU
		{B220DCCA-F764-41F4-82D1-7FD9AD3B5F1D}.Release|Any CPU.Build.0 = Release|Any CPU
		{40968381-EEEE-4C06-8399-CB394797C590}.Debug|Any CPU.ActiveCfg = Debug|Any CPU
		{40968381-EEEE-4C06-8399-CB394797C590}.Debug|Any CPU.Build.0 = Debug|Any CPU
		{40968381-EEEE-4C06-8399-CB394797C590}.Release|Any CPU.ActiveCfg = Release|Any CPU
		{40968381-EEEE-4C06-8399-CB394797C590}.Release|Any CPU.Build.0 = Release|Any CPU
		{8286B662-D098-4010-8C08-960C97BAC5FA}.Debug|Any CPU.ActiveCfg = Debug|Any CPU
		{8286B662-D098-4010-8C08-960C97BAC5FA}.Debug|Any CPU.Build.0 = Debug|Any CPU
		{8286B662-D098-4010-8C08-960C97BAC5FA}.Release|Any CPU.ActiveCfg = Release|Any CPU
		{8286B662-D098-4010-8C08-960C97BAC5FA}.Release|Any CPU.Build.0 = Release|Any CPU
		{0CB98AF5-AA32-4D91-A157-BE38C440BD5D}.Debug|Any CPU.ActiveCfg = Debug|Any CPU
		{0CB98AF5-AA32-4D91-A157-BE38C440BD5D}.Debug|Any CPU.Build.0 = Debug|Any CPU
		{0CB98AF5-AA32-4D91-A157-BE38C440BD5D}.Release|Any CPU.ActiveCfg = Release|Any CPU
		{0CB98AF5-AA32-4D91-A157-BE38C440BD5D}.Release|Any CPU.Build.0 = Release|Any CPU
	EndGlobalSection
	GlobalSection(NestedProjects) = preSolution
		{46099C60-522D-4F37-8AA6-462CCA643AD2} = {DFA09E0B-FDF7-4690-BAE7-E70F9D5A0D41}
		{4194608F-7CDA-4D08-A9CA-189A3C432BE4} = {E4FE5051-1CE5-43EC-B12A-8510938DE595}
		{B220DCCA-F764-41F4-82D1-7FD9AD3B5F1D} = {DFA09E0B-FDF7-4690-BAE7-E70F9D5A0D41}
		{40968381-EEEE-4C06-8399-CB394797C590} = {E4FE5051-1CE5-43EC-B12A-8510938DE595}
		{8286B662-D098-4010-8C08-960C97BAC5FA} = {DFA09E0B-FDF7-4690-BAE7-E70F9D5A0D41}
		{0CB98AF5-AA32-4D91-A157-BE38C440BD5D} = {E4FE5051-1CE5-43EC-B12A-8510938DE595}
	EndGlobalSection
EndGlobal
